// !$*UTF8*$!
{
	archiveVersion = 1;
	classes = {
	};
	objectVersion = 50;
	objects = {

/* Begin PBXBuildFile section */
		3ADB9FBB260E0D7300A11AE8 /* main.cpp in Sources */ = {isa = PBXBuildFile; fileRef = 3ADB9FBA260E0D7300A11AE8 /* main.cpp */; };
		3ADB9FC5260E180700A11AE8 /* glad.c in Sources */ = {isa = PBXBuildFile; fileRef = 3ADB9FC4260E180700A11AE8 /* glad.c */; };
		3AEFE28A260F078C007253A5 /* libglfw3.a in Frameworks */ = {isa = PBXBuildFile; fileRef = 3AEFE289260F078C007253A5 /* libglfw3.a */; };
		3AEFE28C260F08D9007253A5 /* Cocoa.framework in Frameworks */ = {isa = PBXBuildFile; fileRef = 3AEFE28B260F08D9007253A5 /* Cocoa.framework */; };
		3AEFE28E260F08E9007253A5 /* OpenGL.framework in Frameworks */ = {isa = PBXBuildFile; fileRef = 3AEFE28D260F08E9007253A5 /* OpenGL.framework */; };
		3AEFE290260F08F8007253A5 /* IOKit.framework in Frameworks */ = {isa = PBXBuildFile; fileRef = 3AEFE28F260F08F8007253A5 /* IOKit.framework */; };
/* End PBXBuildFile section */

/* Begin PBXCopyFilesBuildPhase section */
		3ADB9FB5260E0D7300A11AE8 /* CopyFiles */ = {
			isa = PBXCopyFilesBuildPhase;
			buildActionMask = 2147483647;
			dstPath = /usr/share/man/man1/;
			dstSubfolderSpec = 0;
			files = (
			);
			runOnlyForDeploymentPostprocessing = 1;
		};
/* End PBXCopyFilesBuildPhase section */

/* Begin PBXFileReference section */
		3ADB9FB7260E0D7300A11AE8 /* LeanOpenGL */ = {isa = PBXFileReference; explicitFileType = "compiled.mach-o.executable"; includeInIndex = 0; path = LeanOpenGL; sourceTree = BUILT_PRODUCTS_DIR; };
		3ADB9FBA260E0D7300A11AE8 /* main.cpp */ = {isa = PBXFileReference; lastKnownFileType = sourcecode.cpp.cpp; path = main.cpp; sourceTree = "<group>"; };
		3ADB9FC4260E180700A11AE8 /* glad.c */ = {isa = PBXFileReference; fileEncoding = 4; lastKnownFileType = sourcecode.c.c; path = glad.c; sourceTree = "<group>"; };
		3AEFE289260F078C007253A5 /* libglfw3.a */ = {isa = PBXFileReference; lastKnownFileType = archive.ar; name = libglfw3.a; path = lib/libglfw3.a; sourceTree = "<group>"; };
		3AEFE28B260F08D9007253A5 /* Cocoa.framework */ = {isa = PBXFileReference; lastKnownFileType = wrapper.framework; name = Cocoa.framework; path = System/Library/Frameworks/Cocoa.framework; sourceTree = SDKROOT; };
		3AEFE28D260F08E9007253A5 /* OpenGL.framework */ = {isa = PBXFileReference; lastKnownFileType = wrapper.framework; name = OpenGL.framework; path = System/Library/Frameworks/OpenGL.framework; sourceTree = SDKROOT; };
		3AEFE28F260F08F8007253A5 /* IOKit.framework */ = {isa = PBXFileReference; lastKnownFileType = wrapper.framework; name = IOKit.framework; path = System/Library/Frameworks/IOKit.framework; sourceTree = SDKROOT; };
/* End PBXFileReference section */

/* Begin PBXFrameworksBuildPhase section */
		3ADB9FB4260E0D7300A11AE8 /* Frameworks */ = {
			isa = PBXFrameworksBuildPhase;
			buildActionMask = 2147483647;
			files = (
				3AEFE290260F08F8007253A5 /* IOKit.framework in Frameworks */,
				3AEFE28E260F08E9007253A5 /* OpenGL.framework in Frameworks */,
				3AEFE28C260F08D9007253A5 /* Cocoa.framework in Frameworks */,
				3AEFE28A260F078C007253A5 /* libglfw3.a in Frameworks */,
			);
			runOnlyForDeploymentPostprocessing = 0;
		};
/* End PBXFrameworksBuildPhase section */

/* Begin PBXGroup section */
		3ADB9FAE260E0D7300A11AE8 = {
			isa = PBXGroup;
			children = (
				3ADB9FB9260E0D7300A11AE8 /* LeanOpenGL */,
				3ADB9FB8260E0D7300A11AE8 /* Products */,
				3ADB9FC1260E0EA600A11AE8 /* Frameworks */,
			);
			sourceTree = "<group>";
		};
		3ADB9FB8260E0D7300A11AE8 /* Products */ = {
			isa = PBXGroup;
			children = (
				3ADB9FB7260E0D7300A11AE8 /* LeanOpenGL */,
			);
			name = Products;
			sourceTree = "<group>";
		};
		3ADB9FB9260E0D7300A11AE8 /* LeanOpenGL */ = {
			isa = PBXGroup;
			children = (
				3ADB9FC4260E180700A11AE8 /* glad.c */,
				3ADB9FBA260E0D7300A11AE8 /* main.cpp */,
			);
			path = LeanOpenGL;
			sourceTree = "<group>";
		};
		3ADB9FC1260E0EA600A11AE8 /* Frameworks */ = {
			isa = PBXGroup;
			children = (
				3AEFE28F260F08F8007253A5 /* IOKit.framework */,
				3AEFE28D260F08E9007253A5 /* OpenGL.framework */,
				3AEFE28B260F08D9007253A5 /* Cocoa.framework */,
				3AEFE289260F078C007253A5 /* libglfw3.a */,
			);
			name = Frameworks;
			sourceTree = "<group>";
		};
/* End PBXGroup section */

/* Begin PBXNativeTarget section */
		3ADB9FB6260E0D7300A11AE8 /* LeanOpenGL */ = {
			isa = PBXNativeTarget;
			buildConfigurationList = 3ADB9FBE260E0D7300A11AE8 /* Build configuration list for PBXNativeTarget "LeanOpenGL" */;
			buildPhases = (
				3ADB9FB3260E0D7300A11AE8 /* Sources */,
				3ADB9FB4260E0D7300A11AE8 /* Frameworks */,
				3ADB9FB5260E0D7300A11AE8 /* CopyFiles */,
			);
			buildRules = (
			);
			dependencies = (
			);
			name = LeanOpenGL;
			productName = LeanOpenGL;
			productReference = 3ADB9FB7260E0D7300A11AE8 /* LeanOpenGL */;
			productType = "com.apple.product-type.tool";
		};
/* End PBXNativeTarget section */

/* Begin PBXProject section */
		3ADB9FAF260E0D7300A11AE8 /* Project object */ = {
			isa = PBXProject;
			attributes = {
				LastUpgradeCheck = 1130;
				ORGANIZATIONNAME = "刘波";
				TargetAttributes = {
					3ADB9FB6260E0D7300A11AE8 = {
						CreatedOnToolsVersion = 11.3.1;
					};
				};
			};
			buildConfigurationList = 3ADB9FB2260E0D7300A11AE8 /* Build configuration list for PBXProject "LeanOpenGL" */;
			compatibilityVersion = "Xcode 9.3";
			developmentRegion = en;
			hasScannedForEncodings = 0;
			knownRegions = (
				en,
				Base,
			);
			mainGroup = 3ADB9FAE260E0D7300A11AE8;
			productRefGroup = 3ADB9FB8260E0D7300A11AE8 /* Products */;
			projectDirPath = "";
			projectRoot = "";
			targets = (
				3ADB9FB6260E0D7300A11AE8 /* LeanOpenGL */,
			);
		};
/* End PBXProject section */

/* Begin PBXSourcesBuildPhase section */
		3ADB9FB3260E0D7300A11AE8 /* Sources */ = {
			isa = PBXSourcesBuildPhase;
			buildActionMask = 2147483647;
			files = (
				3ADB9FBB260E0D7300A11AE8 /* main.cpp in Sources */,
				3ADB9FC5260E180700A11AE8 /* glad.c in Sources */,
			);
			runOnlyForDeploymentPostprocessing = 0;
		};
/* End PBXSourcesBuildPhase section */

/* Begin XCBuildConfiguration section */
		3ADB9FBC260E0D7300A11AE8 /* Debug */ = {
			isa = XCBuildConfiguration;
			buildSettings = {
				ALWAYS_SEARCH_USER_PATHS = NO;
				CLANG_ANALYZER_NONNULL = YES;
				CLANG_ANALYZER_NUMBER_OBJECT_CONVERSION = YES_AGGRESSIVE;
				CLANG_CXX_LANGUAGE_STANDARD = "gnu++14";
				CLANG_CXX_LIBRARY = "libc++";
				CLANG_ENABLE_MODULES = YES;
				CLANG_ENABLE_OBJC_ARC = YES;
				CLANG_ENABLE_OBJC_WEAK = YES;
				CLANG_WARN_BLOCK_CAPTURE_AUTORELEASING = YES;
				CLANG_WARN_BOOL_CONVERSION = YES;
				CLANG_WARN_COMMA = YES;
				CLANG_WARN_CONSTANT_CONVERSION = YES;
				CLANG_WARN_DEPRECATED_OBJC_IMPLEMENTATIONS = YES;
				CLANG_WARN_DIRECT_OBJC_ISA_USAGE = YES_ERROR;
				CLANG_WARN_DOCUMENTATION_COMMENTS = YES;
				CLANG_WARN_EMPTY_BODY = YES;
				CLANG_WARN_ENUM_CONVERSION = YES;
				CLANG_WARN_INFINITE_RECURSION = YES;
				CLANG_WARN_INT_CONVERSION = YES;
				CLANG_WARN_NON_LITERAL_NULL_CONVERSION = YES;
				CLANG_WARN_OBJC_IMPLICIT_RETAIN_SELF = YES;
				CLANG_WARN_OBJC_LITERAL_CONVERSION = YES;
				CLANG_WARN_OBJC_ROOT_CLASS = YES_ERROR;
				CLANG_WARN_RANGE_LOOP_ANALYSIS = YES;
				CLANG_WARN_STRICT_PROTOTYPES = YES;
				CLANG_WARN_SUSPICIOUS_MOVE = YES;
				CLANG_WARN_UNGUARDED_AVAILABILITY = YES_AGGRESSIVE;
				CLANG_WARN_UNREACHABLE_CODE = YES;
				CLANG_WARN__DUPLICATE_METHOD_MATCH = YES;
				COPY_PHASE_STRIP = NO;
				DEBUG_INFORMATION_FORMAT = dwarf;
				ENABLE_STRICT_OBJC_MSGSEND = YES;
				ENABLE_TESTABILITY = YES;
				GCC_C_LANGUAGE_STANDARD = gnu11;
				GCC_DYNAMIC_NO_PIC = NO;
				GCC_NO_COMMON_BLOCKS = YES;
				GCC_OPTIMIZATION_LEVEL = 0;
				GCC_PREPROCESSOR_DEFINITIONS = (
					"DEBUG=1",
					"$(inherited)",
				);
				GCC_WARN_64_TO_32_BIT_CONVERSION = YES;
				GCC_WARN_ABOUT_RETURN_TYPE = YES_ERROR;
				GCC_WARN_UNDECLARED_SELECTOR = YES;
				GCC_WARN_UNINITIALIZED_AUTOS = YES_AGGRESSIVE;
				GCC_WARN_UNUSED_FUNCTION = YES;
				GCC_WARN_UNUSED_VARIABLE = YES;
				MACOSX_DEPLOYMENT_TARGET = 10.14;
				MTL_ENABLE_DEBUG_INFO = INCLUDE_SOURCE;
				MTL_FAST_MATH = YES;
				ONLY_ACTIVE_ARCH = YES;
				SDKROOT = macosx;
			};
			name = Debug;
		};
		3ADB9FBD260E0D7300A11AE8 /* Release */ = {
			isa = XCBuildConfiguration;
			buildSettings = {
				ALWAYS_SEARCH_USER_PATHS = NO;
				CLANG_ANALYZER_NONNULL = YES;
				CLANG_ANALYZER_NUMBER_OBJECT_CONVERSION = YES_AGGRESSIVE;
				CLANG_CXX_LANGUAGE_STANDARD = "gnu++14";
				CLANG_CXX_LIBRARY = "libc++";
				CLANG_ENABLE_MODULES = YES;
				CLANG_ENABLE_OBJC_ARC = YES;
				CLANG_ENABLE_OBJC_WEAK = YES;
				CLANG_WARN_BLOCK_CAPTURE_AUTORELEASING = YES;
				CLANG_WARN_BOOL_CONVERSION = YES;
				CLANG_WARN_COMMA = YES;
				CLANG_WARN_CONSTANT_CONVERSION = YES;
				CLANG_WARN_DEPRECATED_OBJC_IMPLEMENTATIONS = YES;
				CLANG_WARN_DIRECT_OBJC_ISA_USAGE = YES_ERROR;
				CLANG_WARN_DOCUMENTATION_COMMENTS = YES;
				CLANG_WARN_EMPTY_BODY = YES;
				CLANG_WARN_ENUM_CONVERSION = YES;
				CLANG_WARN_INFINITE_RECURSION = YES;
				CLANG_WARN_INT_CONVERSION = YES;
				CLANG_WARN_NON_LITERAL_NULL_CONVERSION = YES;
				CLANG_WARN_OBJC_IMPLICIT_RETAIN_SELF = YES;
				CLANG_WARN_OBJC_LITERAL_CONVERSION = YES;
				CLANG_WARN_OBJC_ROOT_CLASS = YES_ERROR;
				CLANG_WARN_RANGE_LOOP_ANALYSIS = YES;
				CLANG_WARN_STRICT_PROTOTYPES = YES;
				CLANG_WARN_SUSPICIOUS_MOVE = YES;
				CLANG_WARN_UNGUARDED_AVAILABILITY = YES_AGGRESSIVE;
				CLANG_WARN_UNREACHABLE_CODE = YES;
				CLANG_WARN__DUPLICATE_METHOD_MATCH = YES;
				COPY_PHASE_STRIP = NO;
				DEBUG_INFORMATION_FORMAT = "dwarf-with-dsym";
				ENABLE_NS_ASSERTIONS = NO;
				ENABLE_STRICT_OBJC_MSGSEND = YES;
				GCC_C_LANGUAGE_STANDARD = gnu11;
				GCC_NO_COMMON_BLOCKS = YES;
				GCC_WARN_64_TO_32_BIT_CONVERSION = YES;
				GCC_WARN_ABOUT_RETURN_TYPE = YES_ERROR;
				GCC_WARN_UNDECLARED_SELECTOR = YES;
				GCC_WARN_UNINITIALIZED_AUTOS = YES_AGGRESSIVE;
				GCC_WARN_UNUSED_FUNCTION = YES;
				GCC_WARN_UNUSED_VARIABLE = YES;
				MACOSX_DEPLOYMENT_TARGET = 10.14;
				MTL_ENABLE_DEBUG_INFO = NO;
				MTL_FAST_MATH = YES;
				SDKROOT = macosx;
			};
			name = Release;
		};
		3ADB9FBF260E0D7300A11AE8 /* Debug */ = {
			isa = XCBuildConfiguration;
			buildSettings = {
				CODE_SIGN_STYLE = Automatic;
				HEADER_SEARCH_PATHS = "$(PROJECT_DIR)/include";
				LIBRARY_SEARCH_PATHS = (
					"$(inherited)",
					"$(PROJECT_DIR)/lib",
				);
				PRODUCT_NAME = "$(TARGET_NAME)";
			};
			name = Debug;
		};
		3ADB9FC0260E0D7300A11AE8 /* Release */ = {
			isa = XCBuildConfiguration;
			buildSettings = {
				CODE_SIGN_STYLE = Automatic;
				HEADER_SEARCH_PATHS = "$(PROJECT_DIR)/include";
				LIBRARY_SEARCH_PATHS = (
					"$(inherited)",
					"$(PROJECT_DIR)/lib",
				);
				PRODUCT_NAME = "$(TARGET_NAME)";
			};
			name = Release;
		};
/* End XCBuildConfiguration section */

/* Begin XCConfigurationList section */
		3ADB9FB2260E0D7300A11AE8 /* Build configuration list for PBXProject "LeanOpenGL" */ = {
			isa = XCConfigurationList;
			buildConfigurations = (
				3ADB9FBC260E0D7300A11AE8 /* Debug */,
				3ADB9FBD260E0D7300A11AE8 /* Release */,
			);
			defaultConfigurationIsVisible = 0;
			defaultConfigurationName = Release;
		};
		3ADB9FBE260E0D7300A11AE8 /* Build configuration list for PBXNativeTarget "LeanOpenGL" */ = {
			isa = XCConfigurationList;
			buildConfigurations = (
				3ADB9FBF260E0D7300A11AE8 /* Debug */,
				3ADB9FC0260E0D7300A11AE8 /* Release */,
			);
			defaultConfigurationIsVisible = 0;
			defaultConfigurationName = Release;
		};
/* End XCConfigurationList section */
	};
	rootObject = 3ADB9FAF260E0D7300A11AE8 /* Project object */;
}
